
Microsoft Visual Studio Solution File, Format Version 12.00
# Visual Studio Version 17
VisualStudioVersion = 17.5.002.0
MinimumVisualStudioVersion = 10.0.40219.1
Project("{9A19103F-16F7-4668-BE54-9A1E7A4F7556}") = "backend", "backend\backend.csproj", "{6CF3B08C-2908-491A-A08F-CBB4E2038025}"
EndProject
Global
	GlobalSection(SolutionConfigurationPlatforms) = preSolution
		Debug|Any CPU = Debug|Any CPU
		Release|Any CPU = Release|Any CPU
	EndGlobalSection
	GlobalSection(ProjectConfigurationPlatforms) = postSolution
		{6CF3B08C-2908-491A-A08F-CBB4E2038025}.Debug|Any CPU.ActiveCfg = Debug|Any CPU
		{6CF3B08C-2908-491A-A08F-CBB4E2038025}.Debug|Any CPU.Build.0 = Debug|Any CPU
		{6CF3B08C-2908-491A-A08F-CBB4E2038025}.Release|Any CPU.ActiveCfg = Release|Any CPU
		{6CF3B08C-2908-491A-A08F-CBB4E2038025}.Release|Any CPU.Build.0 = Release|Any CPU
	EndGlobalSection
	GlobalSection(SolutionProperties) = preSolution
		HideSolutionNode = FALSE
	EndGlobalSection
	GlobalSection(ExtensibilityGlobals) = postSolution
		SolutionGuid = {5E6E551E-A1FD-4A63-9328-C1B8E10CCA16}
	EndGlobalSection
EndGlobal
